
Microsoft Visual Studio Solution File, Format Version 12.00
# Visual Studio 15
VisualStudioVersion = 15.0.27130.2036
MinimumVisualStudioVersion = 10.0.40219.1
Project("{FAE04EC0-301F-11D3-BF4B-00C04F79EFBC}") = "GeraContrato", "GeraContrato\GeraContrato.csproj", "{7E853C5E-65FF-4764-B503-14AC2E93F8FD}"
EndProject
Global
	GlobalSection(SolutionConfigurationPlatforms) = preSolution
		Debug|Any CPU = Debug|Any CPU
		Release|Any CPU = Release|Any CPU
	EndGlobalSection
	GlobalSection(ProjectConfigurationPlatforms) = postSolution
		{7E853C5E-65FF-4764-B503-14AC2E93F8FD}.Debug|Any CPU.ActiveCfg = Debug|Any CPU
		{7E853C5E-65FF-4764-B503-14AC2E93F8FD}.Debug|Any CPU.Build.0 = Debug|Any CPU
		{7E853C5E-65FF-4764-B503-14AC2E93F8FD}.Release|Any CPU.ActiveCfg = Release|Any CPU
		{7E853C5E-65FF-4764-B503-14AC2E93F8FD}.Release|Any CPU.Build.0 = Release|Any CPU
	EndGlobalSection
	GlobalSection(SolutionProperties) = preSolution
		HideSolutionNode = FALSE
	EndGlobalSection
	GlobalSection(ExtensibilityGlobals) = postSolution
		SolutionGuid = {BDB25C32-949E-4155-91AE-4B0625878012}
	EndGlobalSection
EndGlobal
